// !$*UTF8*$!
{
	archiveVersion = 1;
	classes = {
	};
	objectVersion = 77;
	objects = {

/* Begin PBXBuildFile section */
		010A8AAD9A43B4D4DC9B794B /* AppModel.swift in Sources */ = {isa = PBXBuildFile; fileRef = B4BA5339895D22596DBB214E /* AppModel.swift */; };
		05AFD49870F6D0F48B8B758F /* DownloadPollingTests.swift in Sources */ = {isa = PBXBuildFile; fileRef = C701653A39934DE45A21A6D6 /* DownloadPollingTests.swift */; };
		05B71E44DD92D618A8E3D8CF /* WebVTT.swift in Sources */ = {isa = PBXBuildFile; fileRef = 3510B48A4A978D8E9BBF962A /* WebVTT.swift */; };
		060F2F5B1B2D5CF97A89B0FC /* PlaybackActivityIntegrationTests.swift in Sources */ = {isa = PBXBuildFile; fileRef = C15A2365123D8207B7EFBC02 /* PlaybackActivityIntegrationTests.swift */; };
		0910CDE3C751B0BE028F4062 /* ErrorRecoveryView.swift in Sources */ = {isa = PBXBuildFile; fileRef = 9375B3C12B0142E4F6809A61 /* ErrorRecoveryView.swift */; };
		09F3B3256CC7F4130594612A /* UserLibraryStore.swift in Sources */ = {isa = PBXBuildFile; fileRef = B34F34CBC2E380E84E23FAFD /* UserLibraryStore.swift */; };
		0BF756328A21301EB44F1AC0 /* RequestOwnershipTests.swift in Sources */ = {isa = PBXBuildFile; fileRef = EED056194640338DB1257F39 /* RequestOwnershipTests.swift */; };
		0C8A0038E08F603CA77EA6EB /* DownloadMovieGroup.swift in Sources */ = {isa = PBXBuildFile; fileRef = 686C1BD721CD3C293A4BC2DC /* DownloadMovieGroup.swift */; };
		0CBD1067878CF047A58DB587 /* PrivacyInfo.xcprivacy in Resources */ = {isa = PBXBuildFile; fileRef = 1615C20225D2E02344370F3B /* PrivacyInfo.xcprivacy */; };
		0D5D9D6DA3C0FEDFF7BB9294 /* DownloadQueueStore.swift in Sources */ = {isa = PBXBuildFile; fileRef = FF235AC1DEEC0CED4189DC10 /* DownloadQueueStore.swift */; };
		0FD4AABD8ED2BF7CDF2622D9 /* README.md in Resources */ = {isa = PBXBuildFile; fileRef = 5E78D74AEE0ED34DF7CC5510 /* README.md */; };
		1042A8BA4769D82E16A44A94 /* DownloadProgressPresentation.swift in Sources */ = {isa = PBXBuildFile; fileRef = B25E5D58BF434BCC47CAC928 /* DownloadProgressPresentation.swift */; };
		14F3B257441C8FDF27051191 /* MediaRelayProtocol.swift in Sources */ = {isa = PBXBuildFile; fileRef = 5446B2C5B95361E59054E55B /* MediaRelayProtocol.swift */; };
		1738DB1B3189892295EC3EBE /* UserLibraryStoreTests.swift in Sources */ = {isa = PBXBuildFile; fileRef = E51F48EF920BE1CB60F50D92 /* UserLibraryStoreTests.swift */; };
		18423B9F5B459A6678CFEBDE /* synthetic-stall-2.ts in Resources */ = {isa = PBXBuildFile; fileRef = 615A67A74AAC9CB7477AD2DE /* synthetic-stall-2.ts */; };
		2305D97347AD619348738ED2 /* DownloadSessionPolicy.swift in Sources */ = {isa = PBXBuildFile; fileRef = EF77D6A09369FB106942646D /* DownloadSessionPolicy.swift */; };
		24B2CF21E274AB4604226671 /* LocalArtworkView.swift in Sources */ = {isa = PBXBuildFile; fileRef = 0615BFD365674D82CFBC6F59 /* LocalArtworkView.swift */; };
		267BAED0584B359794BDC13B /* synthetic-multiaudio.mp4 in Resources */ = {isa = PBXBuildFile; fileRef = E99B14361C72FA3C72FCB82D /* synthetic-multiaudio.mp4 */; };
		2AB8209998F36331DEC399A7 /* DownloadModels.swift in Sources */ = {isa = PBXBuildFile; fileRef = 421A1B23CF697FE13AA8F450 /* DownloadModels.swift */; };
		3042C73BC5B50118C12B964E /* AuthenticatedArtworkView.swift in Sources */ = {isa = PBXBuildFile; fileRef = 3673F5C5C2692BA5DF9CA44F /* AuthenticatedArtworkView.swift */; };
		305045653ED29351F9B1633A /* DownloadMovieGroupTests.swift in Sources */ = {isa = PBXBuildFile; fileRef = B37B5738EE2D251F5BBA8E58 /* DownloadMovieGroupTests.swift */; };
		326ABF7D05318EAE750A53B0 /* UserFacingError.swift in Sources */ = {isa = PBXBuildFile; fileRef = 21FCBCC5C402C4C97724CCE7 /* UserFacingError.swift */; };
		38B80051766E55A5538E425A /* PlaybackSystemController.swift in Sources */ = {isa = PBXBuildFile; fileRef = 5FAA749D18284B2297B59829 /* PlaybackSystemController.swift */; };
		3ABB3E7F9D768BE5659DA46F /* LibraryModel.swift in Sources */ = {isa = PBXBuildFile; fileRef = D9515F38F67DE220807183DA /* LibraryModel.swift */; };
		3ACD58B1F3F56C9D60245938 /* ServerModels.swift in Sources */ = {isa = PBXBuildFile; fileRef = 6CEFC195C24BA8DD8FB54ABD /* ServerModels.swift */; };
		3BBC8B04717956E75821F26C /* synthetic-stall-1.ts in Resources */ = {isa = PBXBuildFile; fileRef = FECBE9F2044B9AF2958264D1 /* synthetic-stall-1.ts */; };
		3D83E4964A970AED3CBB0AA0 /* DownloadProgressDelivery.swift in Sources */ = {isa = PBXBuildFile; fileRef = 27785D0BAABC2239146C2CA3 /* DownloadProgressDelivery.swift */; };
		3E329FDF922619950D93CCB8 /* DownloadManifestStore.swift in Sources */ = {isa = PBXBuildFile; fileRef = A4A0F24F81230A96490CF258 /* DownloadManifestStore.swift */; };
		412E18E628CDA7F07E34FEFF /* synthetic-native-tracks.mp4 in Resources */ = {isa = PBXBuildFile; fileRef = 56149A2919D74A98161D2B77 /* synthetic-native-tracks.mp4 */; };
		41474F11966DF3347CA3EBE7 /* SavedCollectionIntegrationTests.swift in Sources */ = {isa = PBXBuildFile; fileRef = A89E7346E864F02AB59C1CDF /* SavedCollectionIntegrationTests.swift */; };
		48D588676EF65C82E3A6F04B /* DownloadQueueTests.swift in Sources */ = {isa = PBXBuildFile; fileRef = 6E4A244EFE9B78114184959C /* DownloadQueueTests.swift */; };
		4DE4C1D36DABBF7FC0C81674 /* PlaybackRemoteCommandTests.swift in Sources */ = {isa = PBXBuildFile; fileRef = CE21C06D243AC1BE58A415A7 /* PlaybackRemoteCommandTests.swift */; };
		4F4709CEC08BF913D57DF927 /* BrowseRestorationTests.swift in Sources */ = {isa = PBXBuildFile; fileRef = 6B3AC466004F314D71CBBF12 /* BrowseRestorationTests.swift */; };
		54FB7892653A4BF4766C50D3 /* DownloadCancellationOwnershipTests.swift in Sources */ = {isa = PBXBuildFile; fileRef = 6194C9EAA20B223412262DE8 /* DownloadCancellationOwnershipTests.swift */; };
		576593B10A643C06ABF9DBEC /* RustyViewApp.swift in Sources */ = {isa = PBXBuildFile; fileRef = C6779520AC4A557E295C5AF4 /* RustyViewApp.swift */; };
		59423BC5B31FF00FB1CEC91A /* OwnedMediaRelay.swift in Sources */ = {isa = PBXBuildFile; fileRef = 874CC73DDD8F8D97F05DD0BA /* OwnedMediaRelay.swift */; };
		595D815CC6E4892FD832C8CA /* DownloadBatchPerformanceTests.swift in Sources */ = {isa = PBXBuildFile; fileRef = 43CBCD835A2EFC74409EBA9A /* DownloadBatchPerformanceTests.swift */; };
		59D3F161039AC4E3367970B8 /* OfflineReadinessTests.swift in Sources */ = {isa = PBXBuildFile; fileRef = 70613E369D405E01E7040B42 /* OfflineReadinessTests.swift */; };
		5A276C44B1DE9B91BABBD8E1 /* DownloadResumeTests.swift in Sources */ = {isa = PBXBuildFile; fileRef = E8C7CE24DAF73F292636E9B3 /* DownloadResumeTests.swift */; };
		5F980BD6D640FB218FCEA093 /* SavedLibraryPresentation.swift in Sources */ = {isa = PBXBuildFile; fileRef = 23C7EB3917607612D83875A7 /* SavedLibraryPresentation.swift */; };
		60361B4D185E936AF27BC9DA /* AVFoundationOriginTests.swift in Sources */ = {isa = PBXBuildFile; fileRef = 1A63BBEC429ED15C576D8A42 /* AVFoundationOriginTests.swift */; };
		60FC1B0E3316BF6D824E0D15 /* KeychainStore.swift in Sources */ = {isa = PBXBuildFile; fileRef = 2C638E42BC25ABCA2BD77D42 /* KeychainStore.swift */; };
		62FBC00ABC90A59CE6EA89A4 /* RootView.swift in Sources */ = {isa = PBXBuildFile; fileRef = 0604314EC60FCDECE314D8D1 /* RootView.swift */; };
		656113B709FC10D8EF492E16 /* AudioTrackName.swift in Sources */ = {isa = PBXBuildFile; fileRef = 25908E4870ACF3E8DA64B17B /* AudioTrackName.swift */; };
		683D31717C048ABA531994E0 /* SavedMoviesView.swift in Sources */ = {isa = PBXBuildFile; fileRef = 79E4D877E84E95BF60A876B2 /* SavedMoviesView.swift */; };
		6841417A8BD338F915D3FCD2 /* ServerConnection.swift in Sources */ = {isa = PBXBuildFile; fileRef = D91CE8C827CEED9C07DDB418 /* ServerConnection.swift */; };
		68FC33DF539B283FDDF12F75 /* RustyDLNAClient.swift in Sources */ = {isa = PBXBuildFile; fileRef = F8275F4661FBAB081175A711 /* RustyDLNAClient.swift */; };
		6B6D141823FDEFF4C9E9348F /* RustyViewJourneyTests.swift in Sources */ = {isa = PBXBuildFile; fileRef = 5B38F2F219CDF5596D6907CE /* RustyViewJourneyTests.swift */; };
		6C61137740781B3D6F403F1A /* SubtitleViews.swift in Sources */ = {isa = PBXBuildFile; fileRef = 27F03C4F9E887891839CFAC7 /* SubtitleViews.swift */; };
		6CD4AF00ACA8D88DC7640330 /* ArtworkPipelinePerformanceTests.swift in Sources */ = {isa = PBXBuildFile; fileRef = 37FAA6C38FD3A72D5C4E253E /* ArtworkPipelinePerformanceTests.swift */; };
		6D9EA2CC8723B883CAF3B292 /* LibraryView.swift in Sources */ = {isa = PBXBuildFile; fileRef = 30ED0EFB5B154D1F9C1C5448 /* LibraryView.swift */; };
		7607EBFEB702CA4A49B6A828 /* MovieMetadataCache.swift in Sources */ = {isa = PBXBuildFile; fileRef = A52B17155864365A889D23D8 /* MovieMetadataCache.swift */; };
		7D23553998BC1166DD805C6B /* DownloadSchedulingTests.swift in Sources */ = {isa = PBXBuildFile; fileRef = 66F71A08D81EF3FC19940CFA /* DownloadSchedulingTests.swift */; };
		7D3AE1B5BAEF30E0B5559478 /* SubtitleSelection.swift in Sources */ = {isa = PBXBuildFile; fileRef = 1F91EA98AEEADEBCE0153AB9 /* SubtitleSelection.swift */; };
		812C14F922C89451526EBE09 /* DisplayTitle.swift in Sources */ = {isa = PBXBuildFile; fileRef = 46C26F925187F2BFF8ACB8D5 /* DisplayTitle.swift */; };
		853A0073B5208B46B4EF6ABE /* SelectionPicker.swift in Sources */ = {isa = PBXBuildFile; fileRef = 4A1C32CF930C134EA5AFEB7A /* SelectionPicker.swift */; };
		85559DCA61217EDC3EAAC0F0 /* DownloadProgressDeliveryTests.swift in Sources */ = {isa = PBXBuildFile; fileRef = F1E5F842A5FD37EAFE80ACF3 /* DownloadProgressDeliveryTests.swift */; };
		86824E7EB22DFEC8BEAC2140 /* PlaybackPreferences.swift in Sources */ = {isa = PBXBuildFile; fileRef = 1A5BAD550A62F9C1F8AF324D /* PlaybackPreferences.swift */; };
		8792F9A2CC4BBCDA666CB446 /* DownloadResumeVault.swift in Sources */ = {isa = PBXBuildFile; fileRef = D7B494121800CA2F2BAF6E6D /* DownloadResumeVault.swift */; };
		8A61C9FEE5B430D28542BFF2 /* README.md in Resources */ = {isa = PBXBuildFile; fileRef = AB5A0695389F5C695A2232E8 /* README.md */; };
		8C7C39428F3E58632525A411 /* PlaybackTrustTests.swift in Sources */ = {isa = PBXBuildFile; fileRef = 4C3194A6ED6A5E5A5D69C9CD /* PlaybackTrustTests.swift */; };
		8D913A59BA058795F2E2B6D9 /* synthetic-native-caption.mp4 in Resources */ = {isa = PBXBuildFile; fileRef = ECCB3B58CB03911B0CA9F098 /* synthetic-native-caption.mp4 */; };
		90D356C590AF968FE19E32D2 /* Assets.xcassets in Resources */ = {isa = PBXBuildFile; fileRef = 8B60547FB0DE51A5E33CD3B5 /* Assets.xcassets */; };
		90EA21E569DCD300EFB0A84A /* AppSettings.swift in Sources */ = {isa = PBXBuildFile; fileRef = 0F920532F96A637877D5F9AA /* AppSettings.swift */; };
		92B53398C1B1CE1A96A33A2C /* MovieDetailView.swift in Sources */ = {isa = PBXBuildFile; fileRef = A37961EA0731E9B17724E589 /* MovieDetailView.swift */; };
		99591E28E23DBAC5BE034DEA /* synthetic-playback.ts in Resources */ = {isa = PBXBuildFile; fileRef = A7F6F33F6863E7D9F2CE46BE /* synthetic-playback.ts */; };
		9A43D5121636B05F8317DC1E /* BackgroundOriginTests.swift in Sources */ = {isa = PBXBuildFile; fileRef = 068B13B8FDAE5C8E862221F8 /* BackgroundOriginTests.swift */; };
		9AC3FBB4FA476E5F188C5E82 /* DownloadsView.swift in Sources */ = {isa = PBXBuildFile; fileRef = 5DF80727CBFD68B8E3FED76A /* DownloadsView.swift */; };
		9DB0DF2FB2FCCF597995F6D3 /* AudioTrackPresentationTests.swift in Sources */ = {isa = PBXBuildFile; fileRef = 2F565BC0F0F73730249C3611 /* AudioTrackPresentationTests.swift */; };
		9EB3983911FF5F6A0B697A55 /* DownloadStorageTransactionTests.swift in Sources */ = {isa = PBXBuildFile; fileRef = 1FB39FDB021F5B496FE02DAC /* DownloadStorageTransactionTests.swift */; };
		9F9321DCFEAFAC044FED83A2 /* PlaybackPreferencesTests.swift in Sources */ = {isa = PBXBuildFile; fileRef = 1A2ABAB5E97BB08B9378244D /* PlaybackPreferencesTests.swift */; };
		A24DAC3E6BF2CDD66CAB739B /* AuthenticatedMediaAsset.swift in Sources */ = {isa = PBXBuildFile; fileRef = C894661B01D65C2D8C033728 /* AuthenticatedMediaAsset.swift */; };
		A50F49E6B2520C899DE03CD6 /* PlaybackTransportState.swift in Sources */ = {isa = PBXBuildFile; fileRef = ACF820F43747D241AA9F3966 /* PlaybackTransportState.swift */; };
		A60B522A1F0F2A6EF1956A62 /* PlaybackRequest.swift in Sources */ = {isa = PBXBuildFile; fileRef = ED84385A3F51C1958552BF95 /* PlaybackRequest.swift */; };
		A7A19F9E9D5DACE7DD2C08DF /* DownloadManagerRuntime.swift in Sources */ = {isa = PBXBuildFile; fileRef = B59E1EA1503B8ACFFB669319 /* DownloadManagerRuntime.swift */; };
		ABC9998F50FBD6F58CD1B40D /* ConnectionSetupView.swift in Sources */ = {isa = PBXBuildFile; fileRef = B29666E9222FD152A51D889C /* ConnectionSetupView.swift */; };
		AD66C2E6A5E26CD9FF620A29 /* LibraryIdentityTests.swift in Sources */ = {isa = PBXBuildFile; fileRef = FAF6F62D03BED19A4909EE3C /* LibraryIdentityTests.swift */; };
		AD798C446D4E7E74000CD2A6 /* PlayerViewController.swift in Sources */ = {isa = PBXBuildFile; fileRef = 4C2EAD94F2EC3E3F7595BFFA /* PlayerViewController.swift */; };
		AF1576CECFE557795E34C049 /* DownloadPerformanceTrace.swift in Sources */ = {isa = PBXBuildFile; fileRef = 1D705F607367B7DA6E1E1C7E /* DownloadPerformanceTrace.swift */; };
		B273A30C22E775C02C2579B5 /* PreparedPlaybackSession.swift in Sources */ = {isa = PBXBuildFile; fileRef = D8B650D0B224714F8ADE6262 /* PreparedPlaybackSession.swift */; };
		B61BF71FBEBBB46FC261A23F /* ReviewRegressionTests.swift in Sources */ = {isa = PBXBuildFile; fileRef = 94E6093D85A7B2C70343B40B /* ReviewRegressionTests.swift */; };
		B6304242033B03994ACA676F /* OfflinePlaybackTracksTests.swift in Sources */ = {isa = PBXBuildFile; fileRef = 7B58565E35EBF8636EC9F56F /* OfflinePlaybackTracksTests.swift */; };
		B6A9C5D1E88A5DA7E2E07346 /* DownloadOutputContractTests.swift in Sources */ = {isa = PBXBuildFile; fileRef = 11ABBE511B276ABCA89A7298 /* DownloadOutputContractTests.swift */; };
		B8324D9E19E28991F076C17A /* PlaybackProgressStore.swift in Sources */ = {isa = PBXBuildFile; fileRef = 93C1ED2BECD57311F37BD2A6 /* PlaybackProgressStore.swift */; };
		BD2FB7439CB6A144762ABCD1 /* synthetic-offline-unsupported.webm in Resources */ = {isa = PBXBuildFile; fileRef = 98023D925D5DE783BAB9419F /* synthetic-offline-unsupported.webm */; };
		C0485BA8D1E39900D788F0A5 /* ArtworkPipeline.swift in Sources */ = {isa = PBXBuildFile; fileRef = 85CFC691B4E672463E73CF71 /* ArtworkPipeline.swift */; };
		C0B2E8B82262D22759C9AB9C /* PlaybackActivity.swift in Sources */ = {isa = PBXBuildFile; fileRef = 10EB05BC4EB461E7A302F043 /* PlaybackActivity.swift */; };
		C54E9B15C4AFAEBE20107E03 /* PlayerScreen.swift in Sources */ = {isa = PBXBuildFile; fileRef = 7335FCBED5F02988A06A9BAC /* PlayerScreen.swift */; };
		C7C708F879593AC992A93787 /* DownloadAssetInspector.swift in Sources */ = {isa = PBXBuildFile; fileRef = 9170C91349882AFD73D8B732 /* DownloadAssetInspector.swift */; };
		C940D783CF0A1A925197F280 /* PlaybackSystemTests.swift in Sources */ = {isa = PBXBuildFile; fileRef = EFBDF39ADF5255FAB97DEC23 /* PlaybackSystemTests.swift */; };
		CB05018FD7F7EBC048336757 /* PlaybackRemoteCommands.swift in Sources */ = {isa = PBXBuildFile; fileRef = 765294B2EEB3CD82B590F653 /* PlaybackRemoteCommands.swift */; };
		CDAA9361C4EEC393EF31392A /* synthetic-stall-0.ts in Resources */ = {isa = PBXBuildFile; fileRef = 3DC01DB4DD9A1FBF4BEA91C0 /* synthetic-stall-0.ts */; };
		D01B98B77174BDFE0A233480 /* DownloadStateStore.swift in Sources */ = {isa = PBXBuildFile; fileRef = 943B099FF00E476ACB7F3F17 /* DownloadStateStore.swift */; };
		D280EE5B4F7C44810214F34E /* MovieMetadata.swift in Sources */ = {isa = PBXBuildFile; fileRef = C5F9A0C43CD934DB4D757367 /* MovieMetadata.swift */; };
		D2D938C84BB1EDB813915FF0 /* ConnectionRecoveryTests.swift in Sources */ = {isa = PBXBuildFile; fileRef = 6E191B3BE6B3DCE129DD6D70 /* ConnectionRecoveryTests.swift */; };
		D2F687E78123F0FC22E6B15E /* MovieMetadataCacheTests.swift in Sources */ = {isa = PBXBuildFile; fileRef = 2411EC0D555EB7EC6434E555 /* MovieMetadataCacheTests.swift */; };
		D3473AD900CD3628269A2621 /* DownloadResource.swift in Sources */ = {isa = PBXBuildFile; fileRef = 3AF133E841629AA2FF83BBC3 /* DownloadResource.swift */; };
		D6E3939B6F49F650B7932C8D /* DownloadOutputSummary.swift in Sources */ = {isa = PBXBuildFile; fileRef = 764CDE7916E012093CA93FA4 /* DownloadOutputSummary.swift */; };
		DB37ABA2ECD082B128832F23 /* DownloadStorageCoordinator.swift in Sources */ = {isa = PBXBuildFile; fileRef = 26415AC843AB43C767922832 /* DownloadStorageCoordinator.swift */; };
		E0B008DE2C7CEA149177B3B3 /* RustyViewCoreTests.swift in Sources */ = {isa = PBXBuildFile; fileRef = F471FBA6C404797D50ACD9BD /* RustyViewCoreTests.swift */; };
		E7B7D04C8D710AD71F831061 /* SettingsView.swift in Sources */ = {isa = PBXBuildFile; fileRef = 4497D0F6A769C0CDD83F0AC7 /* SettingsView.swift */; };
		E98C8496E54BC2EFAA9CC4C9 /* RustyViewAppDelegate.swift in Sources */ = {isa = PBXBuildFile; fileRef = BC4F080FA0164F2BC25A3DD0 /* RustyViewAppDelegate.swift */; };
		EB224BB213D135A03F9DEEF7 /* synthetic-offline-valid.mp4 in Resources */ = {isa = PBXBuildFile; fileRef = BB1B4831EA7A6860586F90BC /* synthetic-offline-valid.mp4 */; };
		EC7EC9CDCAC389CFA02E0D1F /* CaptionPlaybackTests.swift in Sources */ = {isa = PBXBuildFile; fileRef = 36F4F614FB2749E5E52C079E /* CaptionPlaybackTests.swift */; };
		F4D08B6EB0EA5EBF1C4093C2 /* DownloadManager.swift in Sources */ = {isa = PBXBuildFile; fileRef = 961A3F270781E5AAC664E0BC /* DownloadManager.swift */; };
		F621C7EF4A93AD670C6F39D3 /* DownloadByteTotalsTests.swift in Sources */ = {isa = PBXBuildFile; fileRef = C9253BA50C8A422788796EA7 /* DownloadByteTotalsTests.swift */; };
		F83D6DA66C52E99E6BA8D9A8 /* ConnectionSetupJourneyTests.swift in Sources */ = {isa = PBXBuildFile; fileRef = 2A33C9CB9F2AD88632D3DD81 /* ConnectionSetupJourneyTests.swift */; };
		F84570B7166CC5124FC373C5 /* PlaybackModel.swift in Sources */ = {isa = PBXBuildFile; fileRef = F2E3572EA52757C12835E565 /* PlaybackModel.swift */; };
		FC00175980EA5E72126B75CC /* synthetic-playback.mp4 in Resources */ = {isa = PBXBuildFile; fileRef = 60749125CD163E50479EF9D6 /* synthetic-playback.mp4 */; };
		FDBDFC23DCFC552196A67158 /* MediaRelayRobustnessTests.swift in Sources */ = {isa = PBXBuildFile; fileRef = 4F632CA80A3F61FF01721AD0 /* MediaRelayRobustnessTests.swift */; };
		FEB62A21FF4E14994F0E23D8 /* StorageRecoveryFontTests.swift in Sources */ = {isa = PBXBuildFile; fileRef = 1185298C52CE3D4254F30024 /* StorageRecoveryFontTests.swift */; };
/* End PBXBuildFile section */

/* Begin PBXContainerItemProxy section */
		B2F0C26F36BCCCD74DB1CB07 /* PBXContainerItemProxy */ = {
			isa = PBXContainerItemProxy;
			containerPortal = 0C47832FAC11EA6598D0D649 /* Project object */;
			proxyType = 1;
			remoteGlobalIDString = EC68F8D8F872E65F1F7993DA;
			remoteInfo = rustyView;
		};
		EEDAE7ACB7FD24E72F1145DF /* PBXContainerItemProxy */ = {
			isa = PBXContainerItemProxy;
			containerPortal = 0C47832FAC11EA6598D0D649 /* Project object */;
			proxyType = 1;
			remoteGlobalIDString = EC68F8D8F872E65F1F7993DA;
			remoteInfo = rustyView;
		};
/* End PBXContainerItemProxy section */

/* Begin PBXFileReference section */
		0604314EC60FCDECE314D8D1 /* RootView.swift */ = {isa = PBXFileReference; lastKnownFileType = sourcecode.swift; path = RootView.swift; sourceTree = "<group>"; };
		0615BFD365674D82CFBC6F59 /* LocalArtworkView.swift */ = {isa = PBXFileReference; lastKnownFileType = sourcecode.swift; path = LocalArtworkView.swift; sourceTree = "<group>"; };
		068B13B8FDAE5C8E862221F8 /* BackgroundOriginTests.swift */ = {isa = PBXFileReference; lastKnownFileType = sourcecode.swift; path = BackgroundOriginTests.swift; sourceTree = "<group>"; };
		0F920532F96A637877D5F9AA /* AppSettings.swift */ = {isa = PBXFileReference; lastKnownFileType = sourcecode.swift; path = AppSettings.swift; sourceTree = "<group>"; };
		10EB05BC4EB461E7A302F043 /* PlaybackActivity.swift */ = {isa = PBXFileReference; lastKnownFileType = sourcecode.swift; path = PlaybackActivity.swift; sourceTree = "<group>"; };
		1185298C52CE3D4254F30024 /* StorageRecoveryFontTests.swift */ = {isa = PBXFileReference; lastKnownFileType = sourcecode.swift; path = StorageRecoveryFontTests.swift; sourceTree = "<group>"; };
		11ABBE511B276ABCA89A7298 /* DownloadOutputContractTests.swift */ = {isa = PBXFileReference; lastKnownFileType = sourcecode.swift; path = DownloadOutputContractTests.swift; sourceTree = "<group>"; };
		1615C20225D2E02344370F3B /* PrivacyInfo.xcprivacy */ = {isa = PBXFileReference; path = PrivacyInfo.xcprivacy; sourceTree = "<group>"; };
		1A2ABAB5E97BB08B9378244D /* PlaybackPreferencesTests.swift */ = {isa = PBXFileReference; lastKnownFileType = sourcecode.swift; path = PlaybackPreferencesTests.swift; sourceTree = "<group>"; };
		1A5BAD550A62F9C1F8AF324D /* PlaybackPreferences.swift */ = {isa = PBXFileReference; lastKnownFileType = sourcecode.swift; path = PlaybackPreferences.swift; sourceTree = "<group>"; };
		1A63BBEC429ED15C576D8A42 /* AVFoundationOriginTests.swift */ = {isa = PBXFileReference; lastKnownFileType = sourcecode.swift; path = AVFoundationOriginTests.swift; sourceTree = "<group>"; };
		1D705F607367B7DA6E1E1C7E /* DownloadPerformanceTrace.swift */ = {isa = PBXFileReference; lastKnownFileType = sourcecode.swift; path = DownloadPerformanceTrace.swift; sourceTree = "<group>"; };
		1F91EA98AEEADEBCE0153AB9 /* SubtitleSelection.swift */ = {isa = PBXFileReference; lastKnownFileType = sourcecode.swift; path = SubtitleSelection.swift; sourceTree = "<group>"; };
		1FB39FDB021F5B496FE02DAC /* DownloadStorageTransactionTests.swift */ = {isa = PBXFileReference; lastKnownFileType = sourcecode.swift; path = DownloadStorageTransactionTests.swift; sourceTree = "<group>"; };
		21FCBCC5C402C4C97724CCE7 /* UserFacingError.swift */ = {isa = PBXFileReference; lastKnownFileType = sourcecode.swift; path = UserFacingError.swift; sourceTree = "<group>"; };
		23C7EB3917607612D83875A7 /* SavedLibraryPresentation.swift */ = {isa = PBXFileReference; lastKnownFileType = sourcecode.swift; path = SavedLibraryPresentation.swift; sourceTree = "<group>"; };
		2411EC0D555EB7EC6434E555 /* MovieMetadataCacheTests.swift */ = {isa = PBXFileReference; lastKnownFileType = sourcecode.swift; path = MovieMetadataCacheTests.swift; sourceTree = "<group>"; };
		25908E4870ACF3E8DA64B17B /* AudioTrackName.swift */ = {isa = PBXFileReference; lastKnownFileType = sourcecode.swift; path = AudioTrackName.swift; sourceTree = "<group>"; };
		26415AC843AB43C767922832 /* DownloadStorageCoordinator.swift */ = {isa = PBXFileReference; lastKnownFileType = sourcecode.swift; path = DownloadStorageCoordinator.swift; sourceTree = "<group>"; };
		27785D0BAABC2239146C2CA3 /* DownloadProgressDelivery.swift */ = {isa = PBXFileReference; lastKnownFileType = sourcecode.swift; path = DownloadProgressDelivery.swift; sourceTree = "<group>"; };
		27F03C4F9E887891839CFAC7 /* SubtitleViews.swift */ = {isa = PBXFileReference; lastKnownFileType = sourcecode.swift; path = SubtitleViews.swift; sourceTree = "<group>"; };
		2A33C9CB9F2AD88632D3DD81 /* ConnectionSetupJourneyTests.swift */ = {isa = PBXFileReference; lastKnownFileType = sourcecode.swift; path = ConnectionSetupJourneyTests.swift; sourceTree = "<group>"; };
		2C638E42BC25ABCA2BD77D42 /* KeychainStore.swift */ = {isa = PBXFileReference; lastKnownFileType = sourcecode.swift; path = KeychainStore.swift; sourceTree = "<group>"; };
		2F565BC0F0F73730249C3611 /* AudioTrackPresentationTests.swift */ = {isa = PBXFileReference; lastKnownFileType = sourcecode.swift; path = AudioTrackPresentationTests.swift; sourceTree = "<group>"; };
		30ED0EFB5B154D1F9C1C5448 /* LibraryView.swift */ = {isa = PBXFileReference; lastKnownFileType = sourcecode.swift; path = LibraryView.swift; sourceTree = "<group>"; };
		3510B48A4A978D8E9BBF962A /* WebVTT.swift */ = {isa = PBXFileReference; lastKnownFileType = sourcecode.swift; path = WebVTT.swift; sourceTree = "<group>"; };
		3673F5C5C2692BA5DF9CA44F /* AuthenticatedArtworkView.swift */ = {isa = PBXFileReference; lastKnownFileType = sourcecode.swift; path = AuthenticatedArtworkView.swift; sourceTree = "<group>"; };
		36F4F614FB2749E5E52C079E /* CaptionPlaybackTests.swift */ = {isa = PBXFileReference; lastKnownFileType = sourcecode.swift; path = CaptionPlaybackTests.swift; sourceTree = "<group>"; };
		37FAA6C38FD3A72D5C4E253E /* ArtworkPipelinePerformanceTests.swift */ = {isa = PBXFileReference; lastKnownFileType = sourcecode.swift; path = ArtworkPipelinePerformanceTests.swift; sourceTree = "<group>"; };
		3AF133E841629AA2FF83BBC3 /* DownloadResource.swift */ = {isa = PBXFileReference; lastKnownFileType = sourcecode.swift; path = DownloadResource.swift; sourceTree = "<group>"; };
		3DC01DB4DD9A1FBF4BEA91C0 /* synthetic-stall-0.ts */ = {isa = PBXFileReference; path = "synthetic-stall-0.ts"; sourceTree = "<group>"; };
		421A1B23CF697FE13AA8F450 /* DownloadModels.swift */ = {isa = PBXFileReference; lastKnownFileType = sourcecode.swift; path = DownloadModels.swift; sourceTree = "<group>"; };
		43CBCD835A2EFC74409EBA9A /* DownloadBatchPerformanceTests.swift */ = {isa = PBXFileReference; lastKnownFileType = sourcecode.swift; path = DownloadBatchPerformanceTests.swift; sourceTree = "<group>"; };
		4497D0F6A769C0CDD83F0AC7 /* SettingsView.swift */ = {isa = PBXFileReference; lastKnownFileType = sourcecode.swift; path = SettingsView.swift; sourceTree = "<group>"; };
		46C26F925187F2BFF8ACB8D5 /* DisplayTitle.swift */ = {isa = PBXFileReference; lastKnownFileType = sourcecode.swift; path = DisplayTitle.swift; sourceTree = "<group>"; };
		477C81712E9EF5332608F983 /* Shared.xcconfig */ = {isa = PBXFileReference; lastKnownFileType = text.xcconfig; path = Shared.xcconfig; sourceTree = "<group>"; };
		4A1C32CF930C134EA5AFEB7A /* SelectionPicker.swift */ = {isa = PBXFileReference; lastKnownFileType = sourcecode.swift; path = SelectionPicker.swift; sourceTree = "<group>"; };
		4C2EAD94F2EC3E3F7595BFFA /* PlayerViewController.swift */ = {isa = PBXFileReference; lastKnownFileType = sourcecode.swift; path = PlayerViewController.swift; sourceTree = "<group>"; };
		4C3194A6ED6A5E5A5D69C9CD /* PlaybackTrustTests.swift */ = {isa = PBXFileReference; lastKnownFileType = sourcecode.swift; path = PlaybackTrustTests.swift; sourceTree = "<group>"; };
		4F632CA80A3F61FF01721AD0 /* MediaRelayRobustnessTests.swift */ = {isa = PBXFileReference; lastKnownFileType = sourcecode.swift; path = MediaRelayRobustnessTests.swift; sourceTree = "<group>"; };
		5446B2C5B95361E59054E55B /* MediaRelayProtocol.swift */ = {isa = PBXFileReference; lastKnownFileType = sourcecode.swift; path = MediaRelayProtocol.swift; sourceTree = "<group>"; };
		56149A2919D74A98161D2B77 /* synthetic-native-tracks.mp4 */ = {isa = PBXFileReference; path = "synthetic-native-tracks.mp4"; sourceTree = "<group>"; };
		5B38F2F219CDF5596D6907CE /* RustyViewJourneyTests.swift */ = {isa = PBXFileReference; lastKnownFileType = sourcecode.swift; path = RustyViewJourneyTests.swift; sourceTree = "<group>"; };
		5DF80727CBFD68B8E3FED76A /* DownloadsView.swift */ = {isa = PBXFileReference; lastKnownFileType = sourcecode.swift; path = DownloadsView.swift; sourceTree = "<group>"; };
		5E78D74AEE0ED34DF7CC5510 /* README.md */ = {isa = PBXFileReference; lastKnownFileType = net.daringfireball.markdown; path = README.md; sourceTree = "<group>"; };
		5FAA749D18284B2297B59829 /* PlaybackSystemController.swift */ = {isa = PBXFileReference; lastKnownFileType = sourcecode.swift; path = PlaybackSystemController.swift; sourceTree = "<group>"; };
		60749125CD163E50479EF9D6 /* synthetic-playback.mp4 */ = {isa = PBXFileReference; path = "synthetic-playback.mp4"; sourceTree = "<group>"; };
		615A67A74AAC9CB7477AD2DE /* synthetic-stall-2.ts */ = {isa = PBXFileReference; path = "synthetic-stall-2.ts"; sourceTree = "<group>"; };
		6194C9EAA20B223412262DE8 /* DownloadCancellationOwnershipTests.swift */ = {isa = PBXFileReference; lastKnownFileType = sourcecode.swift; path = DownloadCancellationOwnershipTests.swift; sourceTree = "<group>"; };
		66F71A08D81EF3FC19940CFA /* DownloadSchedulingTests.swift */ = {isa = PBXFileReference; lastKnownFileType = sourcecode.swift; path = DownloadSchedulingTests.swift; sourceTree = "<group>"; };
		686C1BD721CD3C293A4BC2DC /* DownloadMovieGroup.swift */ = {isa = PBXFileReference; lastKnownFileType = sourcecode.swift; path = DownloadMovieGroup.swift; sourceTree = "<group>"; };
		68EB8E7749DFC8A254C54544 /* rustyView.app */ = {isa = PBXFileReference; includeInIndex = 0; lastKnownFileType = wrapper.application; path = rustyView.app; sourceTree = BUILT_PRODUCTS_DIR; };
		6B3AC466004F314D71CBBF12 /* BrowseRestorationTests.swift */ = {isa = PBXFileReference; lastKnownFileType = sourcecode.swift; path = BrowseRestorationTests.swift; sourceTree = "<group>"; };
		6CEFC195C24BA8DD8FB54ABD /* ServerModels.swift */ = {isa = PBXFileReference; lastKnownFileType = sourcecode.swift; path = ServerModels.swift; sourceTree = "<group>"; };
		6E191B3BE6B3DCE129DD6D70 /* ConnectionRecoveryTests.swift */ = {isa = PBXFileReference; lastKnownFileType = sourcecode.swift; path = ConnectionRecoveryTests.swift; sourceTree = "<group>"; };
		6E4A244EFE9B78114184959C /* DownloadQueueTests.swift */ = {isa = PBXFileReference; lastKnownFileType = sourcecode.swift; path = DownloadQueueTests.swift; sourceTree = "<group>"; };
		70613E369D405E01E7040B42 /* OfflineReadinessTests.swift */ = {isa = PBXFileReference; lastKnownFileType = sourcecode.swift; path = OfflineReadinessTests.swift; sourceTree = "<group>"; };
		7335FCBED5F02988A06A9BAC /* PlayerScreen.swift */ = {isa = PBXFileReference; lastKnownFileType = sourcecode.swift; path = PlayerScreen.swift; sourceTree = "<group>"; };
		764CDE7916E012093CA93FA4 /* DownloadOutputSummary.swift */ = {isa = PBXFileReference; lastKnownFileType = sourcecode.swift; path = DownloadOutputSummary.swift; sourceTree = "<group>"; };
		765294B2EEB3CD82B590F653 /* PlaybackRemoteCommands.swift */ = {isa = PBXFileReference; lastKnownFileType = sourcecode.swift; path = PlaybackRemoteCommands.swift; sourceTree = "<group>"; };
		79E4D877E84E95BF60A876B2 /* SavedMoviesView.swift */ = {isa = PBXFileReference; lastKnownFileType = sourcecode.swift; path = SavedMoviesView.swift; sourceTree = "<group>"; };
		7B58565E35EBF8636EC9F56F /* OfflinePlaybackTracksTests.swift */ = {isa = PBXFileReference; lastKnownFileType = sourcecode.swift; path = OfflinePlaybackTracksTests.swift; sourceTree = "<group>"; };
		85CFC691B4E672463E73CF71 /* ArtworkPipeline.swift */ = {isa = PBXFileReference; lastKnownFileType = sourcecode.swift; path = ArtworkPipeline.swift; sourceTree = "<group>"; };
		874CC73DDD8F8D97F05DD0BA /* OwnedMediaRelay.swift */ = {isa = PBXFileReference; lastKnownFileType = sourcecode.swift; path = OwnedMediaRelay.swift; sourceTree = "<group>"; };
		8B60547FB0DE51A5E33CD3B5 /* Assets.xcassets */ = {isa = PBXFileReference; lastKnownFileType = folder.assetcatalog; path = Assets.xcassets; sourceTree = "<group>"; };
		9170C91349882AFD73D8B732 /* DownloadAssetInspector.swift */ = {isa = PBXFileReference; lastKnownFileType = sourcecode.swift; path = DownloadAssetInspector.swift; sourceTree = "<group>"; };
		91D0EE6C6AF885B8FFDEBA46 /* Info.plist */ = {isa = PBXFileReference; lastKnownFileType = text.plist; path = Info.plist; sourceTree = "<group>"; };
		9375B3C12B0142E4F6809A61 /* ErrorRecoveryView.swift */ = {isa = PBXFileReference; lastKnownFileType = sourcecode.swift; path = ErrorRecoveryView.swift; sourceTree = "<group>"; };
		93C1ED2BECD57311F37BD2A6 /* PlaybackProgressStore.swift */ = {isa = PBXFileReference; lastKnownFileType = sourcecode.swift; path = PlaybackProgressStore.swift; sourceTree = "<group>"; };
		943B099FF00E476ACB7F3F17 /* DownloadStateStore.swift */ = {isa = PBXFileReference; lastKnownFileType = sourcecode.swift; path = DownloadStateStore.swift; sourceTree = "<group>"; };
		94E6093D85A7B2C70343B40B /* ReviewRegressionTests.swift */ = {isa = PBXFileReference; lastKnownFileType = sourcecode.swift; path = ReviewRegressionTests.swift; sourceTree = "<group>"; };
		961A3F270781E5AAC664E0BC /* DownloadManager.swift */ = {isa = PBXFileReference; lastKnownFileType = sourcecode.swift; path = DownloadManager.swift; sourceTree = "<group>"; };
		96E54C4F634481DB658AB7B8 /* rustyViewTests.xctest */ = {isa = PBXFileReference; includeInIndex = 0; lastKnownFileType = wrapper.cfbundle; path = rustyViewTests.xctest; sourceTree = BUILT_PRODUCTS_DIR; };
		98023D925D5DE783BAB9419F /* synthetic-offline-unsupported.webm */ = {isa = PBXFileReference; path = "synthetic-offline-unsupported.webm"; sourceTree = "<group>"; };
		A37961EA0731E9B17724E589 /* MovieDetailView.swift */ = {isa = PBXFileReference; lastKnownFileType = sourcecode.swift; path = MovieDetailView.swift; sourceTree = "<group>"; };
		A4A0F24F81230A96490CF258 /* DownloadManifestStore.swift */ = {isa = PBXFileReference; lastKnownFileType = sourcecode.swift; path = DownloadManifestStore.swift; sourceTree = "<group>"; };
		A52B17155864365A889D23D8 /* MovieMetadataCache.swift */ = {isa = PBXFileReference; lastKnownFileType = sourcecode.swift; path = MovieMetadataCache.swift; sourceTree = "<group>"; };
		A7F6F33F6863E7D9F2CE46BE /* synthetic-playback.ts */ = {isa = PBXFileReference; path = "synthetic-playback.ts"; sourceTree = "<group>"; };
		A89E7346E864F02AB59C1CDF /* SavedCollectionIntegrationTests.swift */ = {isa = PBXFileReference; lastKnownFileType = sourcecode.swift; path = SavedCollectionIntegrationTests.swift; sourceTree = "<group>"; };
		AB5A0695389F5C695A2232E8 /* README.md */ = {isa = PBXFileReference; lastKnownFileType = net.daringfireball.markdown; path = README.md; sourceTree = "<group>"; };
		ACF820F43747D241AA9F3966 /* PlaybackTransportState.swift */ = {isa = PBXFileReference; lastKnownFileType = sourcecode.swift; path = PlaybackTransportState.swift; sourceTree = "<group>"; };
		B25E5D58BF434BCC47CAC928 /* DownloadProgressPresentation.swift */ = {isa = PBXFileReference; lastKnownFileType = sourcecode.swift; path = DownloadProgressPresentation.swift; sourceTree = "<group>"; };
		B29666E9222FD152A51D889C /* ConnectionSetupView.swift */ = {isa = PBXFileReference; lastKnownFileType = sourcecode.swift; path = ConnectionSetupView.swift; sourceTree = "<group>"; };
		B34F34CBC2E380E84E23FAFD /* UserLibraryStore.swift */ = {isa = PBXFileReference; lastKnownFileType = sourcecode.swift; path = UserLibraryStore.swift; sourceTree = "<group>"; };
		B37B5738EE2D251F5BBA8E58 /* DownloadMovieGroupTests.swift */ = {isa = PBXFileReference; lastKnownFileType = sourcecode.swift; path = DownloadMovieGroupTests.swift; sourceTree = "<group>"; };
		B4BA5339895D22596DBB214E /* AppModel.swift */ = {isa = PBXFileReference; lastKnownFileType = sourcecode.swift; path = AppModel.swift; sourceTree = "<group>"; };
		B59E1EA1503B8ACFFB669319 /* DownloadManagerRuntime.swift */ = {isa = PBXFileReference; lastKnownFileType = sourcecode.swift; path = DownloadManagerRuntime.swift; sourceTree = "<group>"; };
		BB1B4831EA7A6860586F90BC /* synthetic-offline-valid.mp4 */ = {isa = PBXFileReference; path = "synthetic-offline-valid.mp4"; sourceTree = "<group>"; };
		BC4F080FA0164F2BC25A3DD0 /* RustyViewAppDelegate.swift */ = {isa = PBXFileReference; lastKnownFileType = sourcecode.swift; path = RustyViewAppDelegate.swift; sourceTree = "<group>"; };
		C15A2365123D8207B7EFBC02 /* PlaybackActivityIntegrationTests.swift */ = {isa = PBXFileReference; lastKnownFileType = sourcecode.swift; path = PlaybackActivityIntegrationTests.swift; sourceTree = "<group>"; };
		C5F9A0C43CD934DB4D757367 /* MovieMetadata.swift */ = {isa = PBXFileReference; lastKnownFileType = sourcecode.swift; path = MovieMetadata.swift; sourceTree = "<group>"; };
		C6779520AC4A557E295C5AF4 /* RustyViewApp.swift */ = {isa = PBXFileReference; lastKnownFileType = sourcecode.swift; path = RustyViewApp.swift; sourceTree = "<group>"; };
		C701653A39934DE45A21A6D6 /* DownloadPollingTests.swift */ = {isa = PBXFileReference; lastKnownFileType = sourcecode.swift; path = DownloadPollingTests.swift; sourceTree = "<group>"; };
		C894661B01D65C2D8C033728 /* AuthenticatedMediaAsset.swift */ = {isa = PBXFileReference; lastKnownFileType = sourcecode.swift; path = AuthenticatedMediaAsset.swift; sourceTree = "<group>"; };
		C9253BA50C8A422788796EA7 /* DownloadByteTotalsTests.swift */ = {isa = PBXFileReference; lastKnownFileType = sourcecode.swift; path = DownloadByteTotalsTests.swift; sourceTree = "<group>"; };
		CE21C06D243AC1BE58A415A7 /* PlaybackRemoteCommandTests.swift */ = {isa = PBXFileReference; lastKnownFileType = sourcecode.swift; path = PlaybackRemoteCommandTests.swift; sourceTree = "<group>"; };
		D7B494121800CA2F2BAF6E6D /* DownloadResumeVault.swift */ = {isa = PBXFileReference; lastKnownFileType = sourcecode.swift; path = DownloadResumeVault.swift; sourceTree = "<group>"; };
		D8B650D0B224714F8ADE6262 /* PreparedPlaybackSession.swift */ = {isa = PBXFileReference; lastKnownFileType = sourcecode.swift; path = PreparedPlaybackSession.swift; sourceTree = "<group>"; };
		D91CE8C827CEED9C07DDB418 /* ServerConnection.swift */ = {isa = PBXFileReference; lastKnownFileType = sourcecode.swift; path = ServerConnection.swift; sourceTree = "<group>"; };
		D9515F38F67DE220807183DA /* LibraryModel.swift */ = {isa = PBXFileReference; lastKnownFileType = sourcecode.swift; path = LibraryModel.swift; sourceTree = "<group>"; };
		E51F48EF920BE1CB60F50D92 /* UserLibraryStoreTests.swift */ = {isa = PBXFileReference; lastKnownFileType = sourcecode.swift; path = UserLibraryStoreTests.swift; sourceTree = "<group>"; };
		E8C7CE24DAF73F292636E9B3 /* DownloadResumeTests.swift */ = {isa = PBXFileReference; lastKnownFileType = sourcecode.swift; path = DownloadResumeTests.swift; sourceTree = "<group>"; };
		E99B14361C72FA3C72FCB82D /* synthetic-multiaudio.mp4 */ = {isa = PBXFileReference; path = "synthetic-multiaudio.mp4"; sourceTree = "<group>"; };
		ECCB3B58CB03911B0CA9F098 /* synthetic-native-caption.mp4 */ = {isa = PBXFileReference; path = "synthetic-native-caption.mp4"; sourceTree = "<group>"; };
		ED84385A3F51C1958552BF95 /* PlaybackRequest.swift */ = {isa = PBXFileReference; lastKnownFileType = sourcecode.swift; path = PlaybackRequest.swift; sourceTree = "<group>"; };
		EED056194640338DB1257F39 /* RequestOwnershipTests.swift */ = {isa = PBXFileReference; lastKnownFileType = sourcecode.swift; path = RequestOwnershipTests.swift; sourceTree = "<group>"; };
		EF77D6A09369FB106942646D /* DownloadSessionPolicy.swift */ = {isa = PBXFileReference; lastKnownFileType = sourcecode.swift; path = DownloadSessionPolicy.swift; sourceTree = "<group>"; };
		EFBDF39ADF5255FAB97DEC23 /* PlaybackSystemTests.swift */ = {isa = PBXFileReference; lastKnownFileType = sourcecode.swift; path = PlaybackSystemTests.swift; sourceTree = "<group>"; };
		F1E5F842A5FD37EAFE80ACF3 /* DownloadProgressDeliveryTests.swift */ = {isa = PBXFileReference; lastKnownFileType = sourcecode.swift; path = DownloadProgressDeliveryTests.swift; sourceTree = "<group>"; };
		F2E3572EA52757C12835E565 /* PlaybackModel.swift */ = {isa = PBXFileReference; lastKnownFileType = sourcecode.swift; path = PlaybackModel.swift; sourceTree = "<group>"; };
		F39B53EE0A8AD5AC6B700C58 /* rustyViewUITests.xctest */ = {isa = PBXFileReference; includeInIndex = 0; lastKnownFileType = wrapper.cfbundle; path = rustyViewUITests.xctest; sourceTree = BUILT_PRODUCTS_DIR; };
		F471FBA6C404797D50ACD9BD /* RustyViewCoreTests.swift */ = {isa = PBXFileReference; lastKnownFileType = sourcecode.swift; path = RustyViewCoreTests.swift; sourceTree = "<group>"; };
		F8275F4661FBAB081175A711 /* RustyDLNAClient.swift */ = {isa = PBXFileReference; lastKnownFileType = sourcecode.swift; path = RustyDLNAClient.swift; sourceTree = "<group>"; };
		FAF6F62D03BED19A4909EE3C /* LibraryIdentityTests.swift */ = {isa = PBXFileReference; lastKnownFileType = sourcecode.swift; path = LibraryIdentityTests.swift; sourceTree = "<group>"; };
		FECBE9F2044B9AF2958264D1 /* synthetic-stall-1.ts */ = {isa = PBXFileReference; path = "synthetic-stall-1.ts"; sourceTree = "<group>"; };
		FF235AC1DEEC0CED4189DC10 /* DownloadQueueStore.swift */ = {isa = PBXFileReference; lastKnownFileType = sourcecode.swift; path = DownloadQueueStore.swift; sourceTree = "<group>"; };
/* End PBXFileReference section */

/* Begin PBXGroup section */
		002085E88534F42AE4E00315 /* Library */ = {
			isa = PBXGroup;
			children = (
				686C1BD721CD3C293A4BC2DC /* DownloadMovieGroup.swift */,
				D9515F38F67DE220807183DA /* LibraryModel.swift */,
				A52B17155864365A889D23D8 /* MovieMetadataCache.swift */,
				10EB05BC4EB461E7A302F043 /* PlaybackActivity.swift */,
				23C7EB3917607612D83875A7 /* SavedLibraryPresentation.swift */,
				B34F34CBC2E380E84E23FAFD /* UserLibraryStore.swift */,
			);
			path = Library;
			sourceTree = "<group>";
		};
		0BDC344341C5AB55412E65A1 /* rustyViewUITests */ = {
			isa = PBXGroup;
			children = (
				2A33C9CB9F2AD88632D3DD81 /* ConnectionSetupJourneyTests.swift */,
				5B38F2F219CDF5596D6907CE /* RustyViewJourneyTests.swift */,
				1185298C52CE3D4254F30024 /* StorageRecoveryFontTests.swift */,
				A929C29EF732F378AFC165BE /* Fixtures */,
			);
			path = rustyViewUITests;
			sourceTree = "<group>";
		};
		183874D09BF6263BE983CB79 /* Models */ = {
			isa = PBXGroup;
			children = (
				25908E4870ACF3E8DA64B17B /* AudioTrackName.swift */,
				46C26F925187F2BFF8ACB8D5 /* DisplayTitle.swift */,
				764CDE7916E012093CA93FA4 /* DownloadOutputSummary.swift */,
				C5F9A0C43CD934DB4D757367 /* MovieMetadata.swift */,
				6CEFC195C24BA8DD8FB54ABD /* ServerModels.swift */,
				21FCBCC5C402C4C97724CCE7 /* UserFacingError.swift */,
			);
			path = Models;
			sourceTree = "<group>";
		};
		225F580DC34660829A2AC7E2 /* Fixtures */ = {
			isa = PBXGroup;
			children = (
				AB5A0695389F5C695A2232E8 /* README.md */,
				56149A2919D74A98161D2B77 /* synthetic-native-tracks.mp4 */,
				98023D925D5DE783BAB9419F /* synthetic-offline-unsupported.webm */,
				BB1B4831EA7A6860586F90BC /* synthetic-offline-valid.mp4 */,
			);
			path = Fixtures;
			sourceTree = "<group>";
		};
		5CBF41FB39E0406EB76B4970 /* Downloads */ = {
			isa = PBXGroup;
			children = (
				9170C91349882AFD73D8B732 /* DownloadAssetInspector.swift */,
				961A3F270781E5AAC664E0BC /* DownloadManager.swift */,
				B59E1EA1503B8ACFFB669319 /* DownloadManagerRuntime.swift */,
				A4A0F24F81230A96490CF258 /* DownloadManifestStore.swift */,
				421A1B23CF697FE13AA8F450 /* DownloadModels.swift */,
				1D705F607367B7DA6E1E1C7E /* DownloadPerformanceTrace.swift */,
				27785D0BAABC2239146C2CA3 /* DownloadProgressDelivery.swift */,
				B25E5D58BF434BCC47CAC928 /* DownloadProgressPresentation.swift */,
				FF235AC1DEEC0CED4189DC10 /* DownloadQueueStore.swift */,
				3AF133E841629AA2FF83BBC3 /* DownloadResource.swift */,
				D7B494121800CA2F2BAF6E6D /* DownloadResumeVault.swift */,
				EF77D6A09369FB106942646D /* DownloadSessionPolicy.swift */,
				943B099FF00E476ACB7F3F17 /* DownloadStateStore.swift */,
				26415AC843AB43C767922832 /* DownloadStorageCoordinator.swift */,
			);
			path = Downloads;
			sourceTree = "<group>";
		};
		5EFE783B931EF9FE1AECF0A8 /* App */ = {
			isa = PBXGroup;
			children = (
				B4BA5339895D22596DBB214E /* AppModel.swift */,
				0F920532F96A637877D5F9AA /* AppSettings.swift */,
				BC4F080FA0164F2BC25A3DD0 /* RustyViewAppDelegate.swift */,
			);
			path = App;
			sourceTree = "<group>";
		};
		6A91BC7F1F49DAF5F7A2C6B7 /* Products */ = {
			isa = PBXGroup;
			children = (
				68EB8E7749DFC8A254C54544 /* rustyView.app */,
				96E54C4F634481DB658AB7B8 /* rustyViewTests.xctest */,
				F39B53EE0A8AD5AC6B700C58 /* rustyViewUITests.xctest */,
			);
			name = Products;
			sourceTree = "<group>";
		};
		8E01AC7718A990325C2DBC68 /* Playback */ = {
			isa = PBXGroup;
			children = (
				F2E3572EA52757C12835E565 /* PlaybackModel.swift */,
				1A5BAD550A62F9C1F8AF324D /* PlaybackPreferences.swift */,
				93C1ED2BECD57311F37BD2A6 /* PlaybackProgressStore.swift */,
				765294B2EEB3CD82B590F653 /* PlaybackRemoteCommands.swift */,
				ED84385A3F51C1958552BF95 /* PlaybackRequest.swift */,
				5FAA749D18284B2297B59829 /* PlaybackSystemController.swift */,
				ACF820F43747D241AA9F3966 /* PlaybackTransportState.swift */,
				4C2EAD94F2EC3E3F7595BFFA /* PlayerViewController.swift */,
				D8B650D0B224714F8ADE6262 /* PreparedPlaybackSession.swift */,
				1F91EA98AEEADEBCE0153AB9 /* SubtitleSelection.swift */,
				3510B48A4A978D8E9BBF962A /* WebVTT.swift */,
			);
			path = Playback;
			sourceTree = "<group>";
		};
		8F116050612529CF82A43B1E = {
			isa = PBXGroup;
			children = (
				C0B800BD4A933140A91F7E28 /* Config */,
				F3C50BF56A67498613455CCC /* rustyView */,
				F1773C067FAA3E45DDCAE7F4 /* rustyViewTests */,
				0BDC344341C5AB55412E65A1 /* rustyViewUITests */,
				6A91BC7F1F49DAF5F7A2C6B7 /* Products */,
			);
			sourceTree = "<group>";
		};
		97C00845288C12680A3922FD /* Views */ = {
			isa = PBXGroup;
			children = (
				3673F5C5C2692BA5DF9CA44F /* AuthenticatedArtworkView.swift */,
				B29666E9222FD152A51D889C /* ConnectionSetupView.swift */,
				5DF80727CBFD68B8E3FED76A /* DownloadsView.swift */,
				9375B3C12B0142E4F6809A61 /* ErrorRecoveryView.swift */,
				30ED0EFB5B154D1F9C1C5448 /* LibraryView.swift */,
				0615BFD365674D82CFBC6F59 /* LocalArtworkView.swift */,
				A37961EA0731E9B17724E589 /* MovieDetailView.swift */,
				7335FCBED5F02988A06A9BAC /* PlayerScreen.swift */,
				0604314EC60FCDECE314D8D1 /* RootView.swift */,
				79E4D877E84E95BF60A876B2 /* SavedMoviesView.swift */,
				4A1C32CF930C134EA5AFEB7A /* SelectionPicker.swift */,
				4497D0F6A769C0CDD83F0AC7 /* SettingsView.swift */,
				27F03C4F9E887891839CFAC7 /* SubtitleViews.swift */,
			);
			path = Views;
			sourceTree = "<group>";
		};
		A929C29EF732F378AFC165BE /* Fixtures */ = {
			isa = PBXGroup;
			children = (
				5E78D74AEE0ED34DF7CC5510 /* README.md */,
				E99B14361C72FA3C72FCB82D /* synthetic-multiaudio.mp4 */,
				ECCB3B58CB03911B0CA9F098 /* synthetic-native-caption.mp4 */,
				60749125CD163E50479EF9D6 /* synthetic-playback.mp4 */,
				A7F6F33F6863E7D9F2CE46BE /* synthetic-playback.ts */,
				3DC01DB4DD9A1FBF4BEA91C0 /* synthetic-stall-0.ts */,
				FECBE9F2044B9AF2958264D1 /* synthetic-stall-1.ts */,
				615A67A74AAC9CB7477AD2DE /* synthetic-stall-2.ts */,
			);
			path = Fixtures;
			sourceTree = "<group>";
		};
		C0B800BD4A933140A91F7E28 /* Config */ = {
			isa = PBXGroup;
			children = (
				477C81712E9EF5332608F983 /* Shared.xcconfig */,
			);
			path = Config;
			sourceTree = "<group>";
		};
		D4F5A1C1082A38590DA8AC2B /* Networking */ = {
			isa = PBXGroup;
			children = (
				85CFC691B4E672463E73CF71 /* ArtworkPipeline.swift */,
				C894661B01D65C2D8C033728 /* AuthenticatedMediaAsset.swift */,
				2C638E42BC25ABCA2BD77D42 /* KeychainStore.swift */,
				5446B2C5B95361E59054E55B /* MediaRelayProtocol.swift */,
				874CC73DDD8F8D97F05DD0BA /* OwnedMediaRelay.swift */,
				F8275F4661FBAB081175A711 /* RustyDLNAClient.swift */,
				D91CE8C827CEED9C07DDB418 /* ServerConnection.swift */,
			);
			path = Networking;
			sourceTree = "<group>";
		};
		F1773C067FAA3E45DDCAE7F4 /* rustyViewTests */ = {
			isa = PBXGroup;
			children = (
				37FAA6C38FD3A72D5C4E253E /* ArtworkPipelinePerformanceTests.swift */,
				2F565BC0F0F73730249C3611 /* AudioTrackPresentationTests.swift */,
				1A63BBEC429ED15C576D8A42 /* AVFoundationOriginTests.swift */,
				068B13B8FDAE5C8E862221F8 /* BackgroundOriginTests.swift */,
				6B3AC466004F314D71CBBF12 /* BrowseRestorationTests.swift */,
				36F4F614FB2749E5E52C079E /* CaptionPlaybackTests.swift */,
				6E191B3BE6B3DCE129DD6D70 /* ConnectionRecoveryTests.swift */,
				43CBCD835A2EFC74409EBA9A /* DownloadBatchPerformanceTests.swift */,
				C9253BA50C8A422788796EA7 /* DownloadByteTotalsTests.swift */,
				6194C9EAA20B223412262DE8 /* DownloadCancellationOwnershipTests.swift */,
				B37B5738EE2D251F5BBA8E58 /* DownloadMovieGroupTests.swift */,
				11ABBE511B276ABCA89A7298 /* DownloadOutputContractTests.swift */,
				C701653A39934DE45A21A6D6 /* DownloadPollingTests.swift */,
				F1E5F842A5FD37EAFE80ACF3 /* DownloadProgressDeliveryTests.swift */,
				6E4A244EFE9B78114184959C /* DownloadQueueTests.swift */,
				E8C7CE24DAF73F292636E9B3 /* DownloadResumeTests.swift */,
				66F71A08D81EF3FC19940CFA /* DownloadSchedulingTests.swift */,
				1FB39FDB021F5B496FE02DAC /* DownloadStorageTransactionTests.swift */,
				FAF6F62D03BED19A4909EE3C /* LibraryIdentityTests.swift */,
				4F632CA80A3F61FF01721AD0 /* MediaRelayRobustnessTests.swift */,
				2411EC0D555EB7EC6434E555 /* MovieMetadataCacheTests.swift */,
				7B58565E35EBF8636EC9F56F /* OfflinePlaybackTracksTests.swift */,
				70613E369D405E01E7040B42 /* OfflineReadinessTests.swift */,
				C15A2365123D8207B7EFBC02 /* PlaybackActivityIntegrationTests.swift */,
				1A2ABAB5E97BB08B9378244D /* PlaybackPreferencesTests.swift */,
				CE21C06D243AC1BE58A415A7 /* PlaybackRemoteCommandTests.swift */,
				EFBDF39ADF5255FAB97DEC23 /* PlaybackSystemTests.swift */,
				4C3194A6ED6A5E5A5D69C9CD /* PlaybackTrustTests.swift */,
				EED056194640338DB1257F39 /* RequestOwnershipTests.swift */,
				94E6093D85A7B2C70343B40B /* ReviewRegressionTests.swift */,
				F471FBA6C404797D50ACD9BD /* RustyViewCoreTests.swift */,
				A89E7346E864F02AB59C1CDF /* SavedCollectionIntegrationTests.swift */,
				E51F48EF920BE1CB60F50D92 /* UserLibraryStoreTests.swift */,
				225F580DC34660829A2AC7E2 /* Fixtures */,
			);
			path = rustyViewTests;
			sourceTree = "<group>";
		};
		F3C50BF56A67498613455CCC /* rustyView */ = {
			isa = PBXGroup;
			children = (
				8B60547FB0DE51A5E33CD3B5 /* Assets.xcassets */,
				91D0EE6C6AF885B8FFDEBA46 /* Info.plist */,
				1615C20225D2E02344370F3B /* PrivacyInfo.xcprivacy */,
				C6779520AC4A557E295C5AF4 /* RustyViewApp.swift */,
				5EFE783B931EF9FE1AECF0A8 /* App */,
				5CBF41FB39E0406EB76B4970 /* Downloads */,
				002085E88534F42AE4E00315 /* Library */,
				183874D09BF6263BE983CB79 /* Models */,
				D4F5A1C1082A38590DA8AC2B /* Networking */,
				8E01AC7718A990325C2DBC68 /* Playback */,
				97C00845288C12680A3922FD /* Views */,
			);
			path = rustyView;
			sourceTree = "<group>";
		};
/* End PBXGroup section */

/* Begin PBXNativeTarget section */
		21F170C3D9C874F04613CDE1 /* rustyViewTests */ = {
			isa = PBXNativeTarget;
			buildConfigurationList = A9F27560C02C7C989777DFBA /* Build configuration list for PBXNativeTarget "rustyViewTests" */;
			buildPhases = (
				CD148AFBBB14FF7DA9D4A941 /* Sources */,
				97301611EAE373E905407646 /* Resources */,
			);
			buildRules = (
			);
			dependencies = (
				49DFE2B68D669D0D54059842 /* PBXTargetDependency */,
			);
			name = rustyViewTests;
			packageProductDependencies = (
			);
			productName = rustyViewTests;
			productReference = 96E54C4F634481DB658AB7B8 /* rustyViewTests.xctest */;
			productType = "com.apple.product-type.bundle.unit-test";
		};
		8931DF25D30AE1C51BD8E851 /* rustyViewUITests */ = {
			isa = PBXNativeTarget;
			buildConfigurationList = 51C0ABEBA9DEC5161A49F409 /* Build configuration list for PBXNativeTarget "rustyViewUITests" */;
			buildPhases = (
				AADE15D48C05682838DADD38 /* Sources */,
				AAB374EA3CCD97DD05D328DF /* Resources */,
			);
			buildRules = (
			);
			dependencies = (
				B0C3E79EE39EFE6969021344 /* PBXTargetDependency */,
			);
			name = rustyViewUITests;
			packageProductDependencies = (
			);
			productName = rustyViewUITests;
			productReference = F39B53EE0A8AD5AC6B700C58 /* rustyViewUITests.xctest */;
			productType = "com.apple.product-type.bundle.ui-testing";
		};
		EC68F8D8F872E65F1F7993DA /* rustyView */ = {
			isa = PBXNativeTarget;
			buildConfigurationList = 59C5DE03BAEA86E6850B41A9 /* Build configuration list for PBXNativeTarget "rustyView" */;
			buildPhases = (
				159F60894586C54A187F1C6E /* Sources */,
				63403262AE46E5BA9BA70642 /* Resources */,
			);
			buildRules = (
			);
			dependencies = (
			);
			name = rustyView;
			packageProductDependencies = (
			);
			productName = rustyView;
			productReference = 68EB8E7749DFC8A254C54544 /* rustyView.app */;
			productType = "com.apple.product-type.application";
		};
/* End PBXNativeTarget section */

/* Begin PBXProject section */
		0C47832FAC11EA6598D0D649 /* Project object */ = {
			isa = PBXProject;
			attributes = {
				BuildIndependentTargetsInParallel = YES;
				LastUpgradeCheck = 1430;
				TargetAttributes = {
					21F170C3D9C874F04613CDE1 = {
						DevelopmentTeam = "$(RUSTYVIEW_DEVELOPMENT_TEAM)";
						ProvisioningStyle = Automatic;
					};
					8931DF25D30AE1C51BD8E851 = {
						DevelopmentTeam = "$(RUSTYVIEW_DEVELOPMENT_TEAM)";
						ProvisioningStyle = Automatic;
						TestTargetID = EC68F8D8F872E65F1F7993DA;
					};
					EC68F8D8F872E65F1F7993DA = {
						DevelopmentTeam = "$(RUSTYVIEW_DEVELOPMENT_TEAM)";
						ProvisioningStyle = Automatic;
					};
				};
			};
			buildConfigurationList = 3C19D3451F6485B583D4E0C8 /* Build configuration list for PBXProject "rustyView" */;
			developmentRegion = en;
			hasScannedForEncodings = 0;
			knownRegions = (
				Base,
				en,
			);
			mainGroup = 8F116050612529CF82A43B1E;
			minimizedProjectReferenceProxies = 1;
			preferredProjectObjectVersion = 77;
			productRefGroup = 6A91BC7F1F49DAF5F7A2C6B7 /* Products */;
			projectDirPath = "";
			projectRoot = "";
			targets = (
				EC68F8D8F872E65F1F7993DA /* rustyView */,
				21F170C3D9C874F04613CDE1 /* rustyViewTests */,
				8931DF25D30AE1C51BD8E851 /* rustyViewUITests */,
			);
		};
/* End PBXProject section */

/* Begin PBXResourcesBuildPhase section */
		63403262AE46E5BA9BA70642 /* Resources */ = {
			isa = PBXResourcesBuildPhase;
			buildActionMask = 2147483647;
			files = (
				90D356C590AF968FE19E32D2 /* Assets.xcassets in Resources */,
				0CBD1067878CF047A58DB587 /* PrivacyInfo.xcprivacy in Resources */,
			);
			runOnlyForDeploymentPostprocessing = 0;
		};
		97301611EAE373E905407646 /* Resources */ = {
			isa = PBXResourcesBuildPhase;
			buildActionMask = 2147483647;
			files = (
				8A61C9FEE5B430D28542BFF2 /* README.md in Resources */,
				412E18E628CDA7F07E34FEFF /* synthetic-native-tracks.mp4 in Resources */,
				BD2FB7439CB6A144762ABCD1 /* synthetic-offline-unsupported.webm in Resources */,
				EB224BB213D135A03F9DEEF7 /* synthetic-offline-valid.mp4 in Resources */,
			);
			runOnlyForDeploymentPostprocessing = 0;
		};
		AAB374EA3CCD97DD05D328DF /* Resources */ = {
			isa = PBXResourcesBuildPhase;
			buildActionMask = 2147483647;
			files = (
				0FD4AABD8ED2BF7CDF2622D9 /* README.md in Resources */,
				267BAED0584B359794BDC13B /* synthetic-multiaudio.mp4 in Resources */,
				8D913A59BA058795F2E2B6D9 /* synthetic-native-caption.mp4 in Resources */,
				FC00175980EA5E72126B75CC /* synthetic-playback.mp4 in Resources */,
				99591E28E23DBAC5BE034DEA /* synthetic-playback.ts in Resources */,
				CDAA9361C4EEC393EF31392A /* synthetic-stall-0.ts in Resources */,
				3BBC8B04717956E75821F26C /* synthetic-stall-1.ts in Resources */,
				18423B9F5B459A6678CFEBDE /* synthetic-stall-2.ts in Resources */,
			);
			runOnlyForDeploymentPostprocessing = 0;
		};
/* End PBXResourcesBuildPhase section */

/* Begin PBXSourcesBuildPhase section */
		159F60894586C54A187F1C6E /* Sources */ = {
			isa = PBXSourcesBuildPhase;
			buildActionMask = 2147483647;
			files = (
				010A8AAD9A43B4D4DC9B794B /* AppModel.swift in Sources */,
				90EA21E569DCD300EFB0A84A /* AppSettings.swift in Sources */,
				C0485BA8D1E39900D788F0A5 /* ArtworkPipeline.swift in Sources */,
				656113B709FC10D8EF492E16 /* AudioTrackName.swift in Sources */,
				3042C73BC5B50118C12B964E /* AuthenticatedArtworkView.swift in Sources */,
				A24DAC3E6BF2CDD66CAB739B /* AuthenticatedMediaAsset.swift in Sources */,
				ABC9998F50FBD6F58CD1B40D /* ConnectionSetupView.swift in Sources */,
				812C14F922C89451526EBE09 /* DisplayTitle.swift in Sources */,
				C7C708F879593AC992A93787 /* DownloadAssetInspector.swift in Sources */,
				F4D08B6EB0EA5EBF1C4093C2 /* DownloadManager.swift in Sources */,
				A7A19F9E9D5DACE7DD2C08DF /* DownloadManagerRuntime.swift in Sources */,
				3E329FDF922619950D93CCB8 /* DownloadManifestStore.swift in Sources */,
				2AB8209998F36331DEC399A7 /* DownloadModels.swift in Sources */,
				0C8A0038E08F603CA77EA6EB /* DownloadMovieGroup.swift in Sources */,
				D6E3939B6F49F650B7932C8D /* DownloadOutputSummary.swift in Sources */,
				AF1576CECFE557795E34C049 /* DownloadPerformanceTrace.swift in Sources */,
				3D83E4964A970AED3CBB0AA0 /* DownloadProgressDelivery.swift in Sources */,
				1042A8BA4769D82E16A44A94 /* DownloadProgressPresentation.swift in Sources */,
				0D5D9D6DA3C0FEDFF7BB9294 /* DownloadQueueStore.swift in Sources */,
				D3473AD900CD3628269A2621 /* DownloadResource.swift in Sources */,
				8792F9A2CC4BBCDA666CB446 /* DownloadResumeVault.swift in Sources */,
				2305D97347AD619348738ED2 /* DownloadSessionPolicy.swift in Sources */,
				D01B98B77174BDFE0A233480 /* DownloadStateStore.swift in Sources */,
				DB37ABA2ECD082B128832F23 /* DownloadStorageCoordinator.swift in Sources */,
				9AC3FBB4FA476E5F188C5E82 /* DownloadsView.swift in Sources */,
				0910CDE3C751B0BE028F4062 /* ErrorRecoveryView.swift in Sources */,
				60FC1B0E3316BF6D824E0D15 /* KeychainStore.swift in Sources */,
				3ABB3E7F9D768BE5659DA46F /* LibraryModel.swift in Sources */,
				6D9EA2CC8723B883CAF3B292 /* LibraryView.swift in Sources */,
				24B2CF21E274AB4604226671 /* LocalArtworkView.swift in Sources */,
				14F3B257441C8FDF27051191 /* MediaRelayProtocol.swift in Sources */,
				92B53398C1B1CE1A96A33A2C /* MovieDetailView.swift in Sources */,
				D280EE5B4F7C44810214F34E /* MovieMetadata.swift in Sources */,
				7607EBFEB702CA4A49B6A828 /* MovieMetadataCache.swift in Sources */,
				59423BC5B31FF00FB1CEC91A /* OwnedMediaRelay.swift in Sources */,
				C0B2E8B82262D22759C9AB9C /* PlaybackActivity.swift in Sources */,
				F84570B7166CC5124FC373C5 /* PlaybackModel.swift in Sources */,
				86824E7EB22DFEC8BEAC2140 /* PlaybackPreferences.swift in Sources */,
				B8324D9E19E28991F076C17A /* PlaybackProgressStore.swift in Sources */,
				CB05018FD7F7EBC048336757 /* PlaybackRemoteCommands.swift in Sources */,
				A60B522A1F0F2A6EF1956A62 /* PlaybackRequest.swift in Sources */,
				38B80051766E55A5538E425A /* PlaybackSystemController.swift in Sources */,
				A50F49E6B2520C899DE03CD6 /* PlaybackTransportState.swift in Sources */,
				C54E9B15C4AFAEBE20107E03 /* PlayerScreen.swift in Sources */,
				AD798C446D4E7E74000CD2A6 /* PlayerViewController.swift in Sources */,
				B273A30C22E775C02C2579B5 /* PreparedPlaybackSession.swift in Sources */,
				62FBC00ABC90A59CE6EA89A4 /* RootView.swift in Sources */,
				68FC33DF539B283FDDF12F75 /* RustyDLNAClient.swift in Sources */,
				576593B10A643C06ABF9DBEC /* RustyViewApp.swift in Sources */,
				E98C8496E54BC2EFAA9CC4C9 /* RustyViewAppDelegate.swift in Sources */,
				5F980BD6D640FB218FCEA093 /* SavedLibraryPresentation.swift in Sources */,
				683D31717C048ABA531994E0 /* SavedMoviesView.swift in Sources */,
				853A0073B5208B46B4EF6ABE /* SelectionPicker.swift in Sources */,
				6841417A8BD338F915D3FCD2 /* ServerConnection.swift in Sources */,
				3ACD58B1F3F56C9D60245938 /* ServerModels.swift in Sources */,
				E7B7D04C8D710AD71F831061 /* SettingsView.swift in Sources */,
				7D3AE1B5BAEF30E0B5559478 /* SubtitleSelection.swift in Sources */,
				6C61137740781B3D6F403F1A /* SubtitleViews.swift in Sources */,
				326ABF7D05318EAE750A53B0 /* UserFacingError.swift in Sources */,
				09F3B3256CC7F4130594612A /* UserLibraryStore.swift in Sources */,
				05B71E44DD92D618A8E3D8CF /* WebVTT.swift in Sources */,
			);
			runOnlyForDeploymentPostprocessing = 0;
		};
		AADE15D48C05682838DADD38 /* Sources */ = {
			isa = PBXSourcesBuildPhase;
			buildActionMask = 2147483647;
			files = (
				F83D6DA66C52E99E6BA8D9A8 /* ConnectionSetupJourneyTests.swift in Sources */,
				6B6D141823FDEFF4C9E9348F /* RustyViewJourneyTests.swift in Sources */,
				FEB62A21FF4E14994F0E23D8 /* StorageRecoveryFontTests.swift in Sources */,
			);
			runOnlyForDeploymentPostprocessing = 0;
		};
		CD148AFBBB14FF7DA9D4A941 /* Sources */ = {
			isa = PBXSourcesBuildPhase;
			buildActionMask = 2147483647;
			files = (
				60361B4D185E936AF27BC9DA /* AVFoundationOriginTests.swift in Sources */,
				6CD4AF00ACA8D88DC7640330 /* ArtworkPipelinePerformanceTests.swift in Sources */,
				9DB0DF2FB2FCCF597995F6D3 /* AudioTrackPresentationTests.swift in Sources */,
				9A43D5121636B05F8317DC1E /* BackgroundOriginTests.swift in Sources */,
				4F4709CEC08BF913D57DF927 /* BrowseRestorationTests.swift in Sources */,
				EC7EC9CDCAC389CFA02E0D1F /* CaptionPlaybackTests.swift in Sources */,
				D2D938C84BB1EDB813915FF0 /* ConnectionRecoveryTests.swift in Sources */,
				595D815CC6E4892FD832C8CA /* DownloadBatchPerformanceTests.swift in Sources */,
				F621C7EF4A93AD670C6F39D3 /* DownloadByteTotalsTests.swift in Sources */,
				54FB7892653A4BF4766C50D3 /* DownloadCancellationOwnershipTests.swift in Sources */,
				305045653ED29351F9B1633A /* DownloadMovieGroupTests.swift in Sources */,
				B6A9C5D1E88A5DA7E2E07346 /* DownloadOutputContractTests.swift in Sources */,
				05AFD49870F6D0F48B8B758F /* DownloadPollingTests.swift in Sources */,
				85559DCA61217EDC3EAAC0F0 /* DownloadProgressDeliveryTests.swift in Sources */,
				48D588676EF65C82E3A6F04B /* DownloadQueueTests.swift in Sources */,
				5A276C44B1DE9B91BABBD8E1 /* DownloadResumeTests.swift in Sources */,
				7D23553998BC1166DD805C6B /* DownloadSchedulingTests.swift in Sources */,
				9EB3983911FF5F6A0B697A55 /* DownloadStorageTransactionTests.swift in Sources */,
				AD66C2E6A5E26CD9FF620A29 /* LibraryIdentityTests.swift in Sources */,
				FDBDFC23DCFC552196A67158 /* MediaRelayRobustnessTests.swift in Sources */,
				D2F687E78123F0FC22E6B15E /* MovieMetadataCacheTests.swift in Sources */,
				B6304242033B03994ACA676F /* OfflinePlaybackTracksTests.swift in Sources */,
				59D3F161039AC4E3367970B8 /* OfflineReadinessTests.swift in Sources */,
				060F2F5B1B2D5CF97A89B0FC /* PlaybackActivityIntegrationTests.swift in Sources */,
				9F9321DCFEAFAC044FED83A2 /* PlaybackPreferencesTests.swift in Sources */,
				4DE4C1D36DABBF7FC0C81674 /* PlaybackRemoteCommandTests.swift in Sources */,
				C940D783CF0A1A925197F280 /* PlaybackSystemTests.swift in Sources */,
				8C7C39428F3E58632525A411 /* PlaybackTrustTests.swift in Sources */,
				0BF756328A21301EB44F1AC0 /* RequestOwnershipTests.swift in Sources */,
				B61BF71FBEBBB46FC261A23F /* ReviewRegressionTests.swift in Sources */,
				E0B008DE2C7CEA149177B3B3 /* RustyViewCoreTests.swift in Sources */,
				41474F11966DF3347CA3EBE7 /* SavedCollectionIntegrationTests.swift in Sources */,
				1738DB1B3189892295EC3EBE /* UserLibraryStoreTests.swift in Sources */,
			);
			runOnlyForDeploymentPostprocessing = 0;
		};
/* End PBXSourcesBuildPhase section */

/* Begin PBXTargetDependency section */
		49DFE2B68D669D0D54059842 /* PBXTargetDependency */ = {
			isa = PBXTargetDependency;
			target = EC68F8D8F872E65F1F7993DA /* rustyView */;
			targetProxy = EEDAE7ACB7FD24E72F1145DF /* PBXContainerItemProxy */;
		};
		B0C3E79EE39EFE6969021344 /* PBXTargetDependency */ = {
			isa = PBXTargetDependency;
			target = EC68F8D8F872E65F1F7993DA /* rustyView */;
			targetProxy = B2F0C26F36BCCCD74DB1CB07 /* PBXContainerItemProxy */;
		};
/* End PBXTargetDependency section */

/* Begin XCBuildConfiguration section */
		09070B562A80725344623D4F /* Debug */ = {
			isa = XCBuildConfiguration;
			baseConfigurationReference = 477C81712E9EF5332608F983 /* Shared.xcconfig */;
			buildSettings = {
				BUNDLE_LOADER = "$(TEST_HOST)";
				GENERATE_INFOPLIST_FILE = YES;
				LD_RUNPATH_SEARCH_PATHS = (
					"$(inherited)",
					"@executable_path/Frameworks",
					"@loader_path/Frameworks",
				);
				PRODUCT_BUNDLE_IDENTIFIER = "$(RUSTYVIEW_BUNDLE_ID).tests";
				SDKROOT = iphoneos;
				TARGETED_DEVICE_FAMILY = "1,2";
				TEST_HOST = "$(BUILT_PRODUCTS_DIR)/rustyView.app/rustyView";
			};
			name = Debug;
		};
		43BA1295920109E51C4E6013 /* Release */ = {
			isa = XCBuildConfiguration;
			baseConfigurationReference = 477C81712E9EF5332608F983 /* Shared.xcconfig */;
			buildSettings = {
				BUNDLE_LOADER = "$(TEST_HOST)";
				GENERATE_INFOPLIST_FILE = YES;
				LD_RUNPATH_SEARCH_PATHS = (
					"$(inherited)",
					"@executable_path/Frameworks",
					"@loader_path/Frameworks",
				);
				PRODUCT_BUNDLE_IDENTIFIER = "$(RUSTYVIEW_BUNDLE_ID).tests";
				SDKROOT = iphoneos;
				TARGETED_DEVICE_FAMILY = "1,2";
				TEST_HOST = "$(BUILT_PRODUCTS_DIR)/rustyView.app/rustyView";
			};
			name = Release;
		};
		499992716D991A6A7350DCA0 /* Release */ = {
			isa = XCBuildConfiguration;
			baseConfigurationReference = 477C81712E9EF5332608F983 /* Shared.xcconfig */;
			buildSettings = {
				ASSETCATALOG_COMPILER_APPICON_NAME = AppIcon;
				CODE_SIGN_IDENTITY = "iPhone Developer";
				CURRENT_PROJECT_VERSION = 4;
				INFOPLIST_FILE = rustyView/Info.plist;
				LD_RUNPATH_SEARCH_PATHS = (
					"$(inherited)",
					"@executable_path/Frameworks",
				);
				MARKETING_VERSION = 1.0;
				PRODUCT_BUNDLE_IDENTIFIER = "$(RUSTYVIEW_BUNDLE_ID)";
				PRODUCT_NAME = rustyView;
				SDKROOT = iphoneos;
				SUPPORTS_MACCATALYST = NO;
				TARGETED_DEVICE_FAMILY = "1,2";
			};
			name = Release;
		};
		5C5ED8DA3735678903861C66 /* Release */ = {
			isa = XCBuildConfiguration;
			baseConfigurationReference = 477C81712E9EF5332608F983 /* Shared.xcconfig */;
			buildSettings = {
				BUNDLE_LOADER = "$(TEST_HOST)";
				GENERATE_INFOPLIST_FILE = YES;
				LD_RUNPATH_SEARCH_PATHS = (
					"$(inherited)",
					"@executable_path/Frameworks",
					"@loader_path/Frameworks",
				);
				PRODUCT_BUNDLE_IDENTIFIER = "$(RUSTYVIEW_BUNDLE_ID).uitests";
				SDKROOT = iphoneos;
				TARGETED_DEVICE_FAMILY = "1,2";
				TEST_TARGET_NAME = rustyView;
			};
			name = Release;
		};
		6741B80FA869CCEE669B6C7B /* Debug */ = {
			isa = XCBuildConfiguration;
			buildSettings = {
				ALWAYS_SEARCH_USER_PATHS = NO;
				CLANG_ANALYZER_NONNULL = YES;
				CLANG_ANALYZER_NUMBER_OBJECT_CONVERSION = YES_AGGRESSIVE;
				CLANG_CXX_LANGUAGE_STANDARD = "gnu++14";
				CLANG_CXX_LIBRARY = "libc++";
				CLANG_ENABLE_MODULES = YES;
				CLANG_ENABLE_OBJC_ARC = YES;
				CLANG_ENABLE_OBJC_WEAK = YES;
				CLANG_WARN_BLOCK_CAPTURE_AUTORELEASING = YES;
				CLANG_WARN_BOOL_CONVERSION = YES;
				CLANG_WARN_COMMA = YES;
				CLANG_WARN_CONSTANT_CONVERSION = YES;
				CLANG_WARN_DEPRECATED_OBJC_IMPLEMENTATIONS = YES;
				CLANG_WARN_DIRECT_OBJC_ISA_USAGE = YES_ERROR;
				CLANG_WARN_DOCUMENTATION_COMMENTS = YES;
				CLANG_WARN_EMPTY_BODY = YES;
				CLANG_WARN_ENUM_CONVERSION = YES;
				CLANG_WARN_INFINITE_RECURSION = YES;
				CLANG_WARN_INT_CONVERSION = YES;
				CLANG_WARN_NON_LITERAL_NULL_CONVERSION = YES;
				CLANG_WARN_OBJC_IMPLICIT_RETAIN_SELF = YES;
				CLANG_WARN_OBJC_LITERAL_CONVERSION = YES;
				CLANG_WARN_OBJC_ROOT_CLASS = YES_ERROR;
				CLANG_WARN_QUOTED_INCLUDE_IN_FRAMEWORK_HEADER = YES;
				CLANG_WARN_RANGE_LOOP_ANALYSIS = YES;
				CLANG_WARN_STRICT_PROTOTYPES = YES;
				CLANG_WARN_SUSPICIOUS_MOVE = YES;
				CLANG_WARN_UNGUARDED_AVAILABILITY = YES_AGGRESSIVE;
				CLANG_WARN_UNREACHABLE_CODE = YES;
				CLANG_WARN__DUPLICATE_METHOD_MATCH = YES;
				CODE_SIGN_STYLE = Automatic;
				COPY_PHASE_STRIP = NO;
				DEBUG_INFORMATION_FORMAT = dwarf;
				DEVELOPMENT_TEAM = "$(RUSTYVIEW_DEVELOPMENT_TEAM)";
				ENABLE_STRICT_OBJC_MSGSEND = YES;
				ENABLE_TESTABILITY = YES;
				ENABLE_USER_SCRIPT_SANDBOXING = YES;
				GCC_C_LANGUAGE_STANDARD = gnu11;
				GCC_DYNAMIC_NO_PIC = NO;
				GCC_NO_COMMON_BLOCKS = YES;
				GCC_OPTIMIZATION_LEVEL = 0;
				GCC_PREPROCESSOR_DEFINITIONS = (
					"$(inherited)",
					"DEBUG=1",
				);
				GCC_WARN_64_TO_32_BIT_CONVERSION = YES;
				GCC_WARN_ABOUT_RETURN_TYPE = YES_ERROR;
				GCC_WARN_UNDECLARED_SELECTOR = YES;
				GCC_WARN_UNINITIALIZED_AUTOS = YES_AGGRESSIVE;
				GCC_WARN_UNUSED_FUNCTION = YES;
				GCC_WARN_UNUSED_VARIABLE = YES;
				GENERATE_INFOPLIST_FILE = YES;
				IPHONEOS_DEPLOYMENT_TARGET = 17.0;
				MTL_ENABLE_DEBUG_INFO = INCLUDE_SOURCE;
				MTL_FAST_MATH = YES;
				ONLY_ACTIVE_ARCH = YES;
				PRODUCT_NAME = "$(TARGET_NAME)";
				SDKROOT = iphoneos;
				SWIFT_ACTIVE_COMPILATION_CONDITIONS = DEBUG;
				SWIFT_OPTIMIZATION_LEVEL = "-Onone";
				SWIFT_VERSION = 5.0;
			};
			name = Debug;
		};
		81F638FED7E450F64FCE0882 /* Debug */ = {
			isa = XCBuildConfiguration;
			baseConfigurationReference = 477C81712E9EF5332608F983 /* Shared.xcconfig */;
			buildSettings = {
				BUNDLE_LOADER = "$(TEST_HOST)";
				GENERATE_INFOPLIST_FILE = YES;
				LD_RUNPATH_SEARCH_PATHS = (
					"$(inherited)",
					"@executable_path/Frameworks",
					"@loader_path/Frameworks",
				);
				PRODUCT_BUNDLE_IDENTIFIER = "$(RUSTYVIEW_BUNDLE_ID).uitests";
				SDKROOT = iphoneos;
				TARGETED_DEVICE_FAMILY = "1,2";
				TEST_TARGET_NAME = rustyView;
			};
			name = Debug;
		};
		918CA7FC4085CF73E2FB7489 /* Release */ = {
			isa = XCBuildConfiguration;
			buildSettings = {
				ALWAYS_SEARCH_USER_PATHS = NO;
				CLANG_ANALYZER_NONNULL = YES;
				CLANG_ANALYZER_NUMBER_OBJECT_CONVERSION = YES_AGGRESSIVE;
				CLANG_CXX_LANGUAGE_STANDARD = "gnu++14";
				CLANG_CXX_LIBRARY = "libc++";
				CLANG_ENABLE_MODULES = YES;
				CLANG_ENABLE_OBJC_ARC = YES;
				CLANG_ENABLE_OBJC_WEAK = YES;
				CLANG_WARN_BLOCK_CAPTURE_AUTORELEASING = YES;
				CLANG_WARN_BOOL_CONVERSION = YES;
				CLANG_WARN_COMMA = YES;
				CLANG_WARN_CONSTANT_CONVERSION = YES;
				CLANG_WARN_DEPRECATED_OBJC_IMPLEMENTATIONS = YES;
				CLANG_WARN_DIRECT_OBJC_ISA_USAGE = YES_ERROR;
				CLANG_WARN_DOCUMENTATION_COMMENTS = YES;
				CLANG_WARN_EMPTY_BODY = YES;
				CLANG_WARN_ENUM_CONVERSION = YES;
				CLANG_WARN_INFINITE_RECURSION = YES;
				CLANG_WARN_INT_CONVERSION = YES;
				CLANG_WARN_NON_LITERAL_NULL_CONVERSION = YES;
				CLANG_WARN_OBJC_IMPLICIT_RETAIN_SELF = YES;
				CLANG_WARN_OBJC_LITERAL_CONVERSION = YES;
				CLANG_WARN_OBJC_ROOT_CLASS = YES_ERROR;
				CLANG_WARN_QUOTED_INCLUDE_IN_FRAMEWORK_HEADER = YES;
				CLANG_WARN_RANGE_LOOP_ANALYSIS = YES;
				CLANG_WARN_STRICT_PROTOTYPES = YES;
				CLANG_WARN_SUSPICIOUS_MOVE = YES;
				CLANG_WARN_UNGUARDED_AVAILABILITY = YES_AGGRESSIVE;
				CLANG_WARN_UNREACHABLE_CODE = YES;
				CLANG_WARN__DUPLICATE_METHOD_MATCH = YES;
				CODE_SIGN_STYLE = Automatic;
				COPY_PHASE_STRIP = NO;
				DEBUG_INFORMATION_FORMAT = "dwarf-with-dsym";
				DEVELOPMENT_TEAM = "$(RUSTYVIEW_DEVELOPMENT_TEAM)";
				ENABLE_NS_ASSERTIONS = NO;
				ENABLE_STRICT_OBJC_MSGSEND = YES;
				ENABLE_USER_SCRIPT_SANDBOXING = YES;
				GCC_C_LANGUAGE_STANDARD = gnu11;
				GCC_NO_COMMON_BLOCKS = YES;
				GCC_WARN_64_TO_32_BIT_CONVERSION = YES;
				GCC_WARN_ABOUT_RETURN_TYPE = YES_ERROR;
				GCC_WARN_UNDECLARED_SELECTOR = YES;
				GCC_WARN_UNINITIALIZED_AUTOS = YES_AGGRESSIVE;
				GCC_WARN_UNUSED_FUNCTION = YES;
				GCC_WARN_UNUSED_VARIABLE = YES;
				GENERATE_INFOPLIST_FILE = YES;
				IPHONEOS_DEPLOYMENT_TARGET = 17.0;
				MTL_ENABLE_DEBUG_INFO = NO;
				MTL_FAST_MATH = YES;
				PRODUCT_NAME = "$(TARGET_NAME)";
				SDKROOT = iphoneos;
				SWIFT_COMPILATION_MODE = wholemodule;
				SWIFT_OPTIMIZATION_LEVEL = "-O";
				SWIFT_VERSION = 5.0;
			};
			name = Release;
		};
		AD046E0B693C41F7ABA95316 /* Debug */ = {
			isa = XCBuildConfiguration;
			baseConfigurationReference = 477C81712E9EF5332608F983 /* Shared.xcconfig */;
			buildSettings = {
				ASSETCATALOG_COMPILER_APPICON_NAME = AppIcon;
				CODE_SIGN_IDENTITY = "iPhone Developer";
				CURRENT_PROJECT_VERSION = 4;
				INFOPLIST_FILE = rustyView/Info.plist;
				LD_RUNPATH_SEARCH_PATHS = (
					"$(inherited)",
					"@executable_path/Frameworks",
				);
				MARKETING_VERSION = 1.0;
				PRODUCT_BUNDLE_IDENTIFIER = "$(RUSTYVIEW_BUNDLE_ID)";
				PRODUCT_NAME = rustyView;
				SDKROOT = iphoneos;
				SUPPORTS_MACCATALYST = NO;
				TARGETED_DEVICE_FAMILY = "1,2";
			};
			name = Debug;
		};
/* End XCBuildConfiguration section */

/* Begin XCConfigurationList section */
		3C19D3451F6485B583D4E0C8 /* Build configuration list for PBXProject "rustyView" */ = {
			isa = XCConfigurationList;
			buildConfigurations = (
				6741B80FA869CCEE669B6C7B /* Debug */,
				918CA7FC4085CF73E2FB7489 /* Release */,
			);
			defaultConfigurationIsVisible = 0;
			defaultConfigurationName = Debug;
		};
		51C0ABEBA9DEC5161A49F409 /* Build configuration list for PBXNativeTarget "rustyViewUITests" */ = {
			isa = XCConfigurationList;
			buildConfigurations = (
				81F638FED7E450F64FCE0882 /* Debug */,
				5C5ED8DA3735678903861C66 /* Release */,
			);
			defaultConfigurationIsVisible = 0;
			defaultConfigurationName = Debug;
		};
		59C5DE03BAEA86E6850B41A9 /* Build configuration list for PBXNativeTarget "rustyView" */ = {
			isa = XCConfigurationList;
			buildConfigurations = (
				AD046E0B693C41F7ABA95316 /* Debug */,
				499992716D991A6A7350DCA0 /* Release */,
			);
			defaultConfigurationIsVisible = 0;
			defaultConfigurationName = Debug;
		};
		A9F27560C02C7C989777DFBA /* Build configuration list for PBXNativeTarget "rustyViewTests" */ = {
			isa = XCConfigurationList;
			buildConfigurations = (
				09070B562A80725344623D4F /* Debug */,
				43BA1295920109E51C4E6013 /* Release */,
			);
			defaultConfigurationIsVisible = 0;
			defaultConfigurationName = Debug;
		};
/* End XCConfigurationList section */
	};
	rootObject = 0C47832FAC11EA6598D0D649 /* Project object */;
}
